
Microsoft Visual Studio Solution File, Format Version 12.00
# Visual Studio Version 17
VisualStudioVersion = 17.1.32228.430
MinimumVisualStudioVersion = 10.0.40219.1
Project("{9A19103F-16F7-4668-BE54-9A1E7A4F7556}") = "WebApplicationNC1", "WebApplicationNC1\WebApplicationNC1.csproj", "{370D8C00-A11D-40FE-9177-E666D582B241}"
EndProject
Project("{FAE04EC0-301F-11D3-BF4B-00C04F79EFBC}") = "TestProjectNC1", "TestProjectNC1\TestProjectNC1.csproj", "{88B7A730-928F-4930-81D7-1FEA904EEE6C}"
EndProject
Global
	GlobalSection(SolutionConfigurationPlatforms) = preSolution
		Debug|Any CPU = Debug|Any CPU
		Release|Any CPU = Release|Any CPU
	EndGlobalSection
	GlobalSection(ProjectConfigurationPlatforms) = postSolution
		{370D8C00-A11D-40FE-9177-E666D582B241}.Debug|Any CPU.ActiveCfg = Debug|Any CPU
		{370D8C00-A11D-40FE-9177-E666D582B241}.Debug|Any CPU.Build.0 = Debug|Any CPU
		{370D8C00-A11D-40FE-9177-E666D582B241}.Release|Any CPU.ActiveCfg = Release|Any CPU
		{370D8C00-A11D-40FE-9177-E666D582B241}.Release|Any CPU.Build.0 = Release|Any CPU
		{88B7A730-928F-4930-81D7-1FEA904EEE6C}.Debug|Any CPU.ActiveCfg = Debug|Any CPU
		{88B7A730-928F-4930-81D7-1FEA904EEE6C}.Debug|Any CPU.Build.0 = Debug|Any CPU
		{88B7A730-928F-4930-81D7-1FEA904EEE6C}.Release|Any CPU.ActiveCfg = Release|Any CPU
		{88B7A730-928F-4930-81D7-1FEA904EEE6C}.Release|Any CPU.Build.0 = Release|Any CPU
	EndGlobalSection
	GlobalSection(SolutionProperties) = preSolution
		HideSolutionNode = FALSE
	EndGlobalSection
	GlobalSection(ExtensibilityGlobals) = postSolution
		SolutionGuid = {3EEE31D7-A603-4551-8FCD-B134132E2A26}
	EndGlobalSection
EndGlobal
